// !$*UTF8*$!
{
	archiveVersion = 1;
	classes = {
	};
	objectVersion = 46;
	objects = {

/* Begin PBXBuildFile section */
		E45E00DA1ADA77870015ADEE /* background-1.jpg in Resources */ = {isa = PBXBuildFile; fileRef = E45E00D71ADA77870015ADEE /* background-1.jpg */; };
		E45E00DB1ADA77870015ADEE /* background-2.jpg in Resources */ = {isa = PBXBuildFile; fileRef = E45E00D81ADA77870015ADEE /* background-2.jpg */; };
		E45E00DC1ADA77870015ADEE /* Background.jpeg in Resources */ = {isa = PBXBuildFile; fileRef = E45E00D91ADA77870015ADEE /* Background.jpeg */; };
		E45E00DF1ADA79D10015ADEE /* tip-1.png in Resources */ = {isa = PBXBuildFile; fileRef = E45E00DD1ADA79D10015ADEE /* tip-1.png */; };
		E45E00E01ADA79D10015ADEE /* Tip-Icon.jpg in Resources */ = {isa = PBXBuildFile; fileRef = E45E00DE1ADA79D10015ADEE /* Tip-Icon.jpg */; };
		E45E00E41ADC5DFC0015ADEE /* SettingsViewController.m in Sources */ = {isa = PBXBuildFile; fileRef = E45E00E31ADC5DFC0015ADEE /* SettingsViewController.m */; };
		E45E00EC1ADCB3B50015ADEE /* KeyConstants.m in Sources */ = {isa = PBXBuildFile; fileRef = E45E00EB1ADCB3B50015ADEE /* KeyConstants.m */; };
		E45E00EE1ADCCD7F0015ADEE /* Icon.png in Resources */ = {isa = PBXBuildFile; fileRef = E45E00ED1ADCCD7F0015ADEE /* Icon.png */; };
		E4DF9F881AD9F7110063E6B5 /* main.m in Sources */ = {isa = PBXBuildFile; fileRef = E4DF9F871AD9F7110063E6B5 /* main.m */; };
		E4DF9F8B1AD9F7110063E6B5 /* AppDelegate.m in Sources */ = {isa = PBXBuildFile; fileRef = E4DF9F8A1AD9F7110063E6B5 /* AppDelegate.m */; };
		E4DF9F8E1AD9F7110063E6B5 /* TipViewController.m in Sources */ = {isa = PBXBuildFile; fileRef = E4DF9F8D1AD9F7110063E6B5 /* TipViewController.m */; };
		E4DF9F911AD9F7110063E6B5 /* Main.storyboard in Resources */ = {isa = PBXBuildFile; fileRef = E4DF9F8F1AD9F7110063E6B5 /* Main.storyboard */; };
		E4DF9F931AD9F7110063E6B5 /* Images.xcassets in Resources */ = {isa = PBXBuildFile; fileRef = E4DF9F921AD9F7110063E6B5 /* Images.xcassets */; };
		E4DF9F961AD9F7110063E6B5 /* LaunchScreen.xib in Resources */ = {isa = PBXBuildFile; fileRef = E4DF9F941AD9F7110063E6B5 /* LaunchScreen.xib */; };
		E4DF9FA21AD9F7120063E6B5 /* TipCalculatorTests.m in Sources */ = {isa = PBXBuildFile; fileRef = E4DF9FA11AD9F7120063E6B5 /* TipCalculatorTests.m */; };
/* End PBXBuildFile section */

/* Begin PBXContainerItemProxy section */
		E4DF9F9C1AD9F7110063E6B5 /* PBXContainerItemProxy */ = {
			isa = PBXContainerItemProxy;
			containerPortal = E4DF9F7A1AD9F7110063E6B5 /* Project object */;
			proxyType = 1;
			remoteGlobalIDString = E4DF9F811AD9F7110063E6B5;
			remoteInfo = TipCalculator;
		};
/* End PBXContainerItemProxy section */

/* Begin PBXFileReference section */
		E45E00D71ADA77870015ADEE /* background-1.jpg */ = {isa = PBXFileReference; lastKnownFileType = image.jpeg; path = "background-1.jpg"; sourceTree = "<group>"; };
		E45E00D81ADA77870015ADEE /* background-2.jpg */ = {isa = PBXFileReference; lastKnownFileType = image.jpeg; path = "background-2.jpg"; sourceTree = "<group>"; };
		E45E00D91ADA77870015ADEE /* Background.jpeg */ = {isa = PBXFileReference; lastKnownFileType = image.jpeg; path = Background.jpeg; sourceTree = "<group>"; };
		E45E00DD1ADA79D10015ADEE /* tip-1.png */ = {isa = PBXFileReference; lastKnownFileType = image.png; path = "tip-1.png"; sourceTree = "<group>"; };
		E45E00DE1ADA79D10015ADEE /* Tip-Icon.jpg */ = {isa = PBXFileReference; lastKnownFileType = image.jpeg; path = "Tip-Icon.jpg"; sourceTree = "<group>"; };
		E45E00E21ADC5DFC0015ADEE /* SettingsViewController.h */ = {isa = PBXFileReference; fileEncoding = 4; lastKnownFileType = sourcecode.c.h; path = SettingsViewController.h; sourceTree = "<group>"; };
		E45E00E31ADC5DFC0015ADEE /* SettingsViewController.m */ = {isa = PBXFileReference; fileEncoding = 4; lastKnownFileType = sourcecode.c.objc; path = SettingsViewController.m; sourceTree = "<group>"; };
		E45E00EA1ADCB3B50015ADEE /* KeyConstants.h */ = {isa = PBXFileReference; fileEncoding = 4; lastKnownFileType = sourcecode.c.h; path = KeyConstants.h; sourceTree = "<group>"; };
		E45E00EB1ADCB3B50015ADEE /* KeyConstants.m */ = {isa = PBXFileReference; fileEncoding = 4; lastKnownFileType = sourcecode.c.objc; path = KeyConstants.m; sourceTree = "<group>"; };
		E45E00ED1ADCCD7F0015ADEE /* Icon.png */ = {isa = PBXFileReference; lastKnownFileType = image.png; path = Icon.png; sourceTree = "<group>"; };
		E4DF9F821AD9F7110063E6B5 /* TipCalculator.app */ = {isa = PBXFileReference; explicitFileType = wrapper.application; includeInIndex = 0; path = TipCalculator.app; sourceTree = BUILT_PRODUCTS_DIR; };
		E4DF9F861AD9F7110063E6B5 /* Info.plist */ = {isa = PBXFileReference; lastKnownFileType = text.plist.xml; path = Info.plist; sourceTree = "<group>"; };
		E4DF9F871AD9F7110063E6B5 /* main.m */ = {isa = PBXFileReference; lastKnownFileType = sourcecode.c.objc; path = main.m; sourceTree = "<group>"; };
		E4DF9F891AD9F7110063E6B5 /* AppDelegate.h */ = {isa = PBXFileReference; lastKnownFileType = sourcecode.c.h; path = AppDelegate.h; sourceTree = "<group>"; };
		E4DF9F8A1AD9F7110063E6B5 /* AppDelegate.m */ = {isa = PBXFileReference; lastKnownFileType = sourcecode.c.objc; path = AppDelegate.m; sourceTree = "<group>"; };
		E4DF9F8C1AD9F7110063E6B5 /* TipViewController.h */ = {isa = PBXFileReference; lastKnownFileType = sourcecode.c.h; path = TipViewController.h; sourceTree = "<group>"; };
		E4DF9F8D1AD9F7110063E6B5 /* TipViewController.m */ = {isa = PBXFileReference; lastKnownFileType = sourcecode.c.objc; path = TipViewController.m; sourceTree = "<group>"; };
		E4DF9F901AD9F7110063E6B5 /* Base */ = {isa = PBXFileReference; lastKnownFileType = file.storyboard; name = Base; path = Base.lproj/Main.storyboard; sourceTree = "<group>"; };
		E4DF9F921AD9F7110063E6B5 /* Images.xcassets */ = {isa = PBXFileReference; lastKnownFileType = folder.assetcatalog; path = Images.xcassets; sourceTree = "<group>"; };
		E4DF9F951AD9F7110063E6B5 /* Base */ = {isa = PBXFileReference; lastKnownFileType = file.xib; name = Base; path = Base.lproj/LaunchScreen.xib; sourceTree = "<group>"; };
		E4DF9F9B1AD9F7110063E6B5 /* TipCalculatorTests.xctest */ = {isa = PBXFileReference; explicitFileType = wrapper.cfbundle; includeInIndex = 0; path = TipCalculatorTests.xctest; sourceTree = BUILT_PRODUCTS_DIR; };
		E4DF9FA01AD9F7120063E6B5 /* Info.plist */ = {isa = PBXFileReference; lastKnownFileType = text.plist.xml; path = Info.plist; sourceTree = "<group>"; };
		E4DF9FA11AD9F7120063E6B5 /* TipCalculatorTests.m */ = {isa = PBXFileReference; lastKnownFileType = sourcecode.c.objc; path = TipCalculatorTests.m; sourceTree = "<group>"; };
/* End PBXFileReference section */

/* Begin PBXFrameworksBuildPhase section */
		E4DF9F7F1AD9F7110063E6B5 /* Frameworks */ = {
			isa = PBXFrameworksBuildPhase;
			buildActionMask = 2147483647;
			files = (
			);
			runOnlyForDeploymentPostprocessing = 0;
		};
		E4DF9F981AD9F7110063E6B5 /* Frameworks */ = {
			isa = PBXFrameworksBuildPhase;
			buildActionMask = 2147483647;
			files = (
			);
			runOnlyForDeploymentPostprocessing = 0;
		};
/* End PBXFrameworksBuildPhase section */

/* Begin PBXGroup section */
		E45E00D61ADA77870015ADEE /* ImageResources */ = {
			isa = PBXGroup;
			children = (
				E45E00ED1ADCCD7F0015ADEE /* Icon.png */,
				E45E00DD1ADA79D10015ADEE /* tip-1.png */,
				E45E00DE1ADA79D10015ADEE /* Tip-Icon.jpg */,
				E45E00D71ADA77870015ADEE /* background-1.jpg */,
				E45E00D81ADA77870015ADEE /* background-2.jpg */,
				E45E00D91ADA77870015ADEE /* Background.jpeg */,
			);
			path = ImageResources;
			sourceTree = "<group>";
		};
		E4DF9F791AD9F7110063E6B5 = {
			isa = PBXGroup;
			children = (
				E45E00D61ADA77870015ADEE /* ImageResources */,
				E4DF9F841AD9F7110063E6B5 /* TipCalculator */,
				E4DF9F9E1AD9F7110063E6B5 /* TipCalculatorTests */,
				E4DF9F831AD9F7110063E6B5 /* Products */,
			);
			sourceTree = "<group>";
		};
		E4DF9F831AD9F7110063E6B5 /* Products */ = {
			isa = PBXGroup;
			children = (
				E4DF9F821AD9F7110063E6B5 /* TipCalculator.app */,
				E4DF9F9B1AD9F7110063E6B5 /* TipCalculatorTests.xctest */,
			);
			name = Products;
			sourceTree = "<group>";
		};
		E4DF9F841AD9F7110063E6B5 /* TipCalculator */ = {
			isa = PBXGroup;
			children = (
				E4DF9F891AD9F7110063E6B5 /* AppDelegate.h */,
				E4DF9F8A1AD9F7110063E6B5 /* AppDelegate.m */,
				E4DF9F8C1AD9F7110063E6B5 /* TipViewController.h */,
				E4DF9F8D1AD9F7110063E6B5 /* TipViewController.m */,
				E4DF9F8F1AD9F7110063E6B5 /* Main.storyboard */,
				E4DF9F921AD9F7110063E6B5 /* Images.xcassets */,
				E4DF9F941AD9F7110063E6B5 /* LaunchScreen.xib */,
				E4DF9F851AD9F7110063E6B5 /* Supporting Files */,
				E45E00E21ADC5DFC0015ADEE /* SettingsViewController.h */,
				E45E00E31ADC5DFC0015ADEE /* SettingsViewController.m */,
				E45E00EA1ADCB3B50015ADEE /* KeyConstants.h */,
				E45E00EB1ADCB3B50015ADEE /* KeyConstants.m */,
			);
			path = TipCalculator;
			sourceTree = "<group>";
		};
		E4DF9F851AD9F7110063E6B5 /* Supporting Files */ = {
			isa = PBXGroup;
			children = (
				E4DF9F861AD9F7110063E6B5 /* Info.plist */,
				E4DF9F871AD9F7110063E6B5 /* main.m */,
			);
			name = "Supporting Files";
			sourceTree = "<group>";
		};
		E4DF9F9E1AD9F7110063E6B5 /* TipCalculatorTests */ = {
			isa = PBXGroup;
			children = (
				E4DF9FA11AD9F7120063E6B5 /* TipCalculatorTests.m */,
				E4DF9F9F1AD9F7120063E6B5 /* Supporting Files */,
			);
			path = TipCalculatorTests;
			sourceTree = "<group>";
		};
		E4DF9F9F1AD9F7120063E6B5 /* Supporting Files */ = {
			isa = PBXGroup;
			children = (
				E4DF9FA01AD9F7120063E6B5 /* Info.plist */,
			);
			name = "Supporting Files";
			sourceTree = "<group>";
		};
/* End PBXGroup section */

/* Begin PBXNativeTarget section */
		E4DF9F811AD9F7110063E6B5 /* TipCalculator */ = {
			isa = PBXNativeTarget;
			buildConfigurationList = E4DF9FA51AD9F7120063E6B5 /* Build configuration list for PBXNativeTarget "TipCalculator" */;
			buildPhases = (
				E4DF9F7E1AD9F7110063E6B5 /* Sources */,
				E4DF9F7F1AD9F7110063E6B5 /* Frameworks */,
				E4DF9F801AD9F7110063E6B5 /* Resources */,
			);
			buildRules = (
			);
			dependencies = (
			);
			name = TipCalculator;
			productName = TipCalculator;
			productReference = E4DF9F821AD9F7110063E6B5 /* TipCalculator.app */;
			productType = "com.apple.product-type.application";
		};
		E4DF9F9A1AD9F7110063E6B5 /* TipCalculatorTests */ = {
			isa = PBXNativeTarget;
			buildConfigurationList = E4DF9FA81AD9F7120063E6B5 /* Build configuration list for PBXNativeTarget "TipCalculatorTests" */;
			buildPhases = (
				E4DF9F971AD9F7110063E6B5 /* Sources */,
				E4DF9F981AD9F7110063E6B5 /* Frameworks */,
				E4DF9F991AD9F7110063E6B5 /* Resources */,
			);
			buildRules = (
			);
			dependencies = (
				E4DF9F9D1AD9F7110063E6B5 /* PBXTargetDependency */,
			);
			name = TipCalculatorTests;
			productName = TipCalculatorTests;
			productReference = E4DF9F9B1AD9F7110063E6B5 /* TipCalculatorTests.xctest */;
			productType = "com.apple.product-type.bundle.unit-test";
		};
/* End PBXNativeTarget section */

/* Begin PBXProject section */
		E4DF9F7A1AD9F7110063E6B5 /* Project object */ = {
			isa = PBXProject;
			attributes = {
				LastUpgradeCheck = 0610;
				ORGANIZATIONNAME = "Mohit Sachan";
				TargetAttributes = {
					E4DF9F811AD9F7110063E6B5 = {
						CreatedOnToolsVersion = 6.1;
					};
					E4DF9F9A1AD9F7110063E6B5 = {
						CreatedOnToolsVersion = 6.1;
						TestTargetID = E4DF9F811AD9F7110063E6B5;
					};
				};
			};
			buildConfigurationList = E4DF9F7D1AD9F7110063E6B5 /* Build configuration list for PBXProject "TipCalculator" */;
			compatibilityVersion = "Xcode 3.2";
			developmentRegion = English;
			hasScannedForEncodings = 0;
			knownRegions = (
				en,
				Base,
			);
			mainGroup = E4DF9F791AD9F7110063E6B5;
			productRefGroup = E4DF9F831AD9F7110063E6B5 /* Products */;
			projectDirPath = "";
			projectRoot = "";
			targets = (
				E4DF9F811AD9F7110063E6B5 /* TipCalculator */,
				E4DF9F9A1AD9F7110063E6B5 /* TipCalculatorTests */,
			);
		};
/* End PBXProject section */

/* Begin PBXResourcesBuildPhase section */
		E4DF9F801AD9F7110063E6B5 /* Resources */ = {
			isa = PBXResourcesBuildPhase;
			buildActionMask = 2147483647;
			files = (
				E45E00EE1ADCCD7F0015ADEE /* Icon.png in Resources */,
				E4DF9F911AD9F7110063E6B5 /* Main.storyboard in Resources */,
				E45E00DA1ADA77870015ADEE /* background-1.jpg in Resources */,
				E4DF9F961AD9F7110063E6B5 /* LaunchScreen.xib in Resources */,
				E45E00DC1ADA77870015ADEE /* Background.jpeg in Resources */,
				E45E00DB1ADA77870015ADEE /* background-2.jpg in Resources */,
				E45E00DF1ADA79D10015ADEE /* tip-1.png in Resources */,
				E45E00E01ADA79D10015ADEE /* Tip-Icon.jpg in Resources */,
				E4DF9F931AD9F7110063E6B5 /* Images.xcassets in Resources */,
			);
			runOnlyForDeploymentPostprocessing = 0;
		};
		E4DF9F991AD9F7110063E6B5 /* Resources */ = {
			isa = PBXResourcesBuildPhase;
			buildActionMask = 2147483647;
			files = (
			);
			runOnlyForDeploymentPostprocessing = 0;
		};
/* End PBXResourcesBuildPhase section */

/* Begin PBXSourcesBuildPhase section */
		E4DF9F7E1AD9F7110063E6B5 /* Sources */ = {
			isa = PBXSourcesBuildPhase;
			buildActionMask = 2147483647;
			files = (
				E4DF9F8E1AD9F7110063E6B5 /* TipViewController.m in Sources */,
				E4DF9F8B1AD9F7110063E6B5 /* AppDelegate.m in Sources */,
				E45E00EC1ADCB3B50015ADEE /* KeyConstants.m in Sources */,
				E4DF9F881AD9F7110063E6B5 /* main.m in Sources */,
				E45E00E41ADC5DFC0015ADEE /* SettingsViewController.m in Sources */,
			);
			runOnlyForDeploymentPostprocessing = 0;
		};
		E4DF9F971AD9F7110063E6B5 /* Sources */ = {
			isa = PBXSourcesBuildPhase;
			buildActionMask = 2147483647;
			files = (
				E4DF9FA21AD9F7120063E6B5 /* TipCalculatorTests.m in Sources */,
			);
			runOnlyForDeploymentPostprocessing = 0;
		};
/* End PBXSourcesBuildPhase section */

/* Begin PBXTargetDependency section */
		E4DF9F9D1AD9F7110063E6B5 /* PBXTargetDependency */ = {
			isa = PBXTargetDependency;
			target = E4DF9F811AD9F7110063E6B5 /* TipCalculator */;
			targetProxy = E4DF9F9C1AD9F7110063E6B5 /* PBXContainerItemProxy */;
		};
/* End PBXTargetDependency section */

/* Begin PBXVariantGroup section */
		E4DF9F8F1AD9F7110063E6B5 /* Main.storyboard */ = {
			isa = PBXVariantGroup;
			children = (
				E4DF9F901AD9F7110063E6B5 /* Base */,
			);
			name = Main.storyboard;
			sourceTree = "<group>";
		};
		E4DF9F941AD9F7110063E6B5 /* LaunchScreen.xib */ = {
			isa = PBXVariantGroup;
			children = (
				E4DF9F951AD9F7110063E6B5 /* Base */,
			);
			name = LaunchScreen.xib;
			sourceTree = "<group>";
		};
/* End PBXVariantGroup section */

/* Begin XCBuildConfiguration section */
		E4DF9FA31AD9F7120063E6B5 /* Debug */ = {
			isa = XCBuildConfiguration;
			buildSettings = {
				ALWAYS_SEARCH_USER_PATHS = NO;
				CLANG_CXX_LANGUAGE_STANDARD = "gnu++0x";
				CLANG_CXX_LIBRARY = "libc++";
				CLANG_ENABLE_MODULES = YES;
				CLANG_ENABLE_OBJC_ARC = YES;
				CLANG_WARN_BOOL_CONVERSION = YES;
				CLANG_WARN_CONSTANT_CONVERSION = YES;
				CLANG_WARN_DIRECT_OBJC_ISA_USAGE = YES_ERROR;
				CLANG_WARN_EMPTY_BODY = YES;
				CLANG_WARN_ENUM_CONVERSION = YES;
				CLANG_WARN_INT_CONVERSION = YES;
				CLANG_WARN_OBJC_ROOT_CLASS = YES_ERROR;
				CLANG_WARN_UNREACHABLE_CODE = YES;
				CLANG_WARN__DUPLICATE_METHOD_MATCH = YES;
				"CODE_SIGN_IDENTITY[sdk=iphoneos*]" = "iPhone Developer";
				COPY_PHASE_STRIP = NO;
				ENABLE_STRICT_OBJC_MSGSEND = YES;
				GCC_C_LANGUAGE_STANDARD = gnu99;
				GCC_DYNAMIC_NO_PIC = NO;
				GCC_OPTIMIZATION_LEVEL = 0;
				GCC_PREPROCESSOR_DEFINITIONS = (
					"DEBUG=1",
					"$(inherited)",
				);
				GCC_SYMBOLS_PRIVATE_EXTERN = NO;
				GCC_WARN_64_TO_32_BIT_CONVERSION = YES;
				GCC_WARN_ABOUT_RETURN_TYPE = YES_ERROR;
				GCC_WARN_UNDECLARED_SELECTOR = YES;
				GCC_WARN_UNINITIALIZED_AUTOS = YES_AGGRESSIVE;
				GCC_WARN_UNUSED_FUNCTION = YES;
				GCC_WARN_UNUSED_VARIABLE = YES;
				IPHONEOS_DEPLOYMENT_TARGET = 8.1;
				MTL_ENABLE_DEBUG_INFO = YES;
				ONLY_ACTIVE_ARCH = YES;
				SDKROOT = iphoneos;
			};
			name = Debug;
		};
		E4DF9FA41AD9F7120063E6B5 /* Release */ = {
			isa = XCBuildConfiguration;
			buildSettings = {
				ALWAYS_SEARCH_USER_PATHS = NO;
				CLANG_CXX_LANGUAGE_STANDARD = "gnu++0x";
				CLANG_CXX_LIBRARY = "libc++";
				CLANG_ENABLE_MODULES = YES;
				CLANG_ENABLE_OBJC_ARC = YES;
				CLANG_WARN_BOOL_CONVERSION = YES;
				CLANG_WARN_CONSTANT_CONVERSION = YES;
				CLANG_WARN_DIRECT_OBJC_ISA_USAGE = YES_ERROR;
				CLANG_WARN_EMPTY_BODY = YES;
				CLANG_WARN_ENUM_CONVERSION = YES;
				CLANG_WARN_INT_CONVERSION = YES;
				CLANG_WARN_OBJC_ROOT_CLASS = YES_ERROR;
				CLANG_WARN_UNREACHABLE_CODE = YES;
				CLANG_WARN__DUPLICATE_METHOD_MATCH = YES;
				"CODE_SIGN_IDENTITY[sdk=iphoneos*]" = "iPhone Developer";
				COPY_PHASE_STRIP = YES;
				ENABLE_NS_ASSERTIONS = NO;
				ENABLE_STRICT_OBJC_MSGSEND = YES;
				GCC_C_LANGUAGE_STANDARD = gnu99;
				GCC_WARN_64_TO_32_BIT_CONVERSION = YES;
				GCC_WARN_ABOUT_RETURN_TYPE = YES_ERROR;
				GCC_WARN_UNDECLARED_SELECTOR = YES;
				GCC_WARN_UNINITIALIZED_AUTOS = YES_AGGRESSIVE;
				GCC_WARN_UNUSED_FUNCTION = YES;
				GCC_WARN_UNUSED_VARIABLE = YES;
				IPHONEOS_DEPLOYMENT_TARGET = 8.1;
				MTL_ENABLE_DEBUG_INFO = NO;
				SDKROOT = iphoneos;
				VALIDATE_PRODUCT = YES;
			};
			name = Release;
		};
		E4DF9FA61AD9F7120063E6B5 /* Debug */ = {
			isa = XCBuildConfiguration;
			buildSettings = {
				ASSETCATALOG_COMPILER_APPICON_NAME = "AppIcon-2";
				ASSETCATALOG_COMPILER_LAUNCHIMAGE_NAME = LaunchImage;
				INFOPLIST_FILE = TipCalculator/Info.plist;
				IPHONEOS_DEPLOYMENT_TARGET = 6.1;
				LD_RUNPATH_SEARCH_PATHS = "$(inherited) @executable_path/Frameworks";
				PRODUCT_NAME = "$(TARGET_NAME)";
			};
			name = Debug;
		};
		E4DF9FA71AD9F7120063E6B5 /* Release */ = {
			isa = XCBuildConfiguration;
			buildSettings = {
				ASSETCATALOG_COMPILER_APPICON_NAME = "AppIcon-2";
				ASSETCATALOG_COMPILER_LAUNCHIMAGE_NAME = LaunchImage;
				INFOPLIST_FILE = TipCalculator/Info.plist;
				IPHONEOS_DEPLOYMENT_TARGET = 6.1;
				LD_RUNPATH_SEARCH_PATHS = "$(inherited) @executable_path/Frameworks";
				PRODUCT_NAME = "$(TARGET_NAME)";
			};
			name = Release;
		};
		E4DF9FA91AD9F7120063E6B5 /* Debug */ = {
			isa = XCBuildConfiguration;
			buildSettings = {
				BUNDLE_LOADER = "$(TEST_HOST)";
				FRAMEWORK_SEARCH_PATHS = (
					"$(SDKROOT)/Developer/Library/Frameworks",
					"$(inherited)",
				);
				GCC_PREPROCESSOR_DEFINITIONS = (
					"DEBUG=1",
					"$(inherited)",
				);
				INFOPLIST_FILE = TipCalculatorTests/Info.plist;
				LD_RUNPATH_SEARCH_PATHS = "$(inherited) @executable_path/Frameworks @loader_path/Frameworks";
				PRODUCT_NAME = "$(TARGET_NAME)";
				TEST_HOST = "$(BUILT_PRODUCTS_DIR)/TipCalculator.app/TipCalculator";
			};
			name = Debug;
		};
		E4DF9FAA1AD9F7120063E6B5 /* Release */ = {
			isa = XCBuildConfiguration;
			buildSettings = {
				BUNDLE_LOADER = "$(TEST_HOST)";
				FRAMEWORK_SEARCH_PATHS = (
					"$(SDKROOT)/Developer/Library/Frameworks",
					"$(inherited)",
				);
				INFOPLIST_FILE = TipCalculatorTests/Info.plist;
				LD_RUNPATH_SEARCH_PATHS = "$(inherited) @executable_path/Frameworks @loader_path/Frameworks";
				PRODUCT_NAME = "$(TARGET_NAME)";
				TEST_HOST = "$(BUILT_PRODUCTS_DIR)/TipCalculator.app/TipCalculator";
			};
			name = Release;
		};
/* End XCBuildConfiguration section */

/* Begin XCConfigurationList section */
		E4DF9F7D1AD9F7110063E6B5 /* Build configuration list for PBXProject "TipCalculator" */ = {
			isa = XCConfigurationList;
			buildConfigurations = (
				E4DF9FA31AD9F7120063E6B5 /* Debug */,
				E4DF9FA41AD9F7120063E6B5 /* Release */,
			);
			defaultConfigurationIsVisible = 0;
			defaultConfigurationName = Release;
		};
		E4DF9FA51AD9F7120063E6B5 /* Build configuration list for PBXNativeTarget "TipCalculator" */ = {
			isa = XCConfigurationList;
			buildConfigurations = (
				E4DF9FA61AD9F7120063E6B5 /* Debug */,
				E4DF9FA71AD9F7120063E6B5 /* Release */,
			);
			defaultConfigurationIsVisible = 0;
			defaultConfigurationName = Release;
		};
		E4DF9FA81AD9F7120063E6B5 /* Build configuration list for PBXNativeTarget "TipCalculatorTests" */ = {
			isa = XCConfigurationList;
			buildConfigurations = (
				E4DF9FA91AD9F7120063E6B5 /* Debug */,
				E4DF9FAA1AD9F7120063E6B5 /* Release */,
			);
			defaultConfigurationIsVisible = 0;
			defaultConfigurationName = Release;
		};
/* End XCConfigurationList section */
	};
	rootObject = E4DF9F7A1AD9F7110063E6B5 /* Project object */;
}
